
Microsoft Visual Studio Solution File, Format Version 12.00
# Visual Studio Version 17
VisualStudioVersion = 17.11.35303.130
MinimumVisualStudioVersion = 10.0.40219.1
Project("{FAE04EC0-301F-11D3-BF4B-00C04F79EFBC}") = "Week13SQLitedb", "Week13SQLitedb\Week13SQLitedb.csproj", "{273677CC-8112-49EA-9172-EEB1118BC88C}"
EndProject
Global
	GlobalSection(SolutionConfigurationPlatforms) = preSolution
		Debug|Any CPU = Debug|Any CPU
		Release|Any CPU = Release|Any CPU
	EndGlobalSection
	GlobalSection(ProjectConfigurationPlatforms) = postSolution
		{273677CC-8112-49EA-9172-EEB1118BC88C}.Debug|Any CPU.ActiveCfg = Debug|Any CPU
		{273677CC-8112-49EA-9172-EEB1118BC88C}.Debug|Any CPU.Build.0 = Debug|Any CPU
		{273677CC-8112-49EA-9172-EEB1118BC88C}.Release|Any CPU.ActiveCfg = Release|Any CPU
		{273677CC-8112-49EA-9172-EEB1118BC88C}.Release|Any CPU.Build.0 = Release|Any CPU
	EndGlobalSection
	GlobalSection(SolutionProperties) = preSolution
		HideSolutionNode = FALSE
	EndGlobalSection
	GlobalSection(ExtensibilityGlobals) = postSolution
		SolutionGuid = {AC8CAA28-FCBC-4C43-AB9D-0685DE5547E4}
	EndGlobalSection
EndGlobal
